
Microsoft Visual Studio Solution File, Format Version 12.00
# Visual Studio 15
VisualStudioVersion = 15.0.28307.902
MinimumVisualStudioVersion = 10.0.40219.1
Project("{FAE04EC0-301F-11D3-BF4B-00C04F79EFBC}") = "ThirdLabNet", "ThirdLabNet\ThirdLabNet.csproj", "{076D0B17-FB69-44EA-9658-B9E6A0B5BA7E}"
EndProject
Global
	GlobalSection(SolutionConfigurationPlatforms) = preSolution
		Debug|Any CPU = Debug|Any CPU
		Release|Any CPU = Release|Any CPU
	EndGlobalSection
	GlobalSection(ProjectConfigurationPlatforms) = postSolution
		{076D0B17-FB69-44EA-9658-B9E6A0B5BA7E}.Debug|Any CPU.ActiveCfg = Debug|Any CPU
		{076D0B17-FB69-44EA-9658-B9E6A0B5BA7E}.Debug|Any CPU.Build.0 = Debug|Any CPU
		{076D0B17-FB69-44EA-9658-B9E6A0B5BA7E}.Release|Any CPU.ActiveCfg = Release|Any CPU
		{076D0B17-FB69-44EA-9658-B9E6A0B5BA7E}.Release|Any CPU.Build.0 = Release|Any CPU
	EndGlobalSection
	GlobalSection(SolutionProperties) = preSolution
		HideSolutionNode = FALSE
	EndGlobalSection
	GlobalSection(ExtensibilityGlobals) = postSolution
		SolutionGuid = {2499A725-D008-4CA3-89F9-78C23924E146}
	EndGlobalSection
EndGlobal
